
Microsoft Visual Studio Solution File, Format Version 12.00
# Visual Studio Version 17
VisualStudioVersion = 17.5.33516.290
MinimumVisualStudioVersion = 10.0.40219.1
Project("{FAE04EC0-301F-11D3-BF4B-00C04F79EFBC}") = "MVCBiblioteca", "MVCAgenda\MVCBiblioteca.csproj", "{0D61DD94-EF03-4C9C-A145-599AD53F8B60}"
EndProject
Project("{FAE04EC0-301F-11D3-BF4B-00C04F79EFBC}") = "Models", "Models\Models.csproj", "{129DE65A-5EA8-42C9-B0F5-8CCA5F6D0F1B}"
EndProject
Project("{FAE04EC0-301F-11D3-BF4B-00C04F79EFBC}") = "Controllers", "Controllers\Controllers.csproj", "{D2AF828C-A688-4748-9CC0-6A8BE9C86AB3}"
EndProject
Global
	GlobalSection(SolutionConfigurationPlatforms) = preSolution
		Debug|Any CPU = Debug|Any CPU
		Release|Any CPU = Release|Any CPU
	EndGlobalSection
	GlobalSection(ProjectConfigurationPlatforms) = postSolution
		{0D61DD94-EF03-4C9C-A145-599AD53F8B60}.Debug|Any CPU.ActiveCfg = Debug|Any CPU
		{0D61DD94-EF03-4C9C-A145-599AD53F8B60}.Debug|Any CPU.Build.0 = Debug|Any CPU
		{0D61DD94-EF03-4C9C-A145-599AD53F8B60}.Release|Any CPU.ActiveCfg = Release|Any CPU
		{0D61DD94-EF03-4C9C-A145-599AD53F8B60}.Release|Any CPU.Build.0 = Release|Any CPU
		{129DE65A-5EA8-42C9-B0F5-8CCA5F6D0F1B}.Debug|Any CPU.ActiveCfg = Debug|Any CPU
		{129DE65A-5EA8-42C9-B0F5-8CCA5F6D0F1B}.Debug|Any CPU.Build.0 = Debug|Any CPU
		{129DE65A-5EA8-42C9-B0F5-8CCA5F6D0F1B}.Release|Any CPU.ActiveCfg = Release|Any CPU
		{129DE65A-5EA8-42C9-B0F5-8CCA5F6D0F1B}.Release|Any CPU.Build.0 = Release|Any CPU
		{D2AF828C-A688-4748-9CC0-6A8BE9C86AB3}.Debug|Any CPU.ActiveCfg = Debug|Any CPU
		{D2AF828C-A688-4748-9CC0-6A8BE9C86AB3}.Debug|Any CPU.Build.0 = Debug|Any CPU
		{D2AF828C-A688-4748-9CC0-6A8BE9C86AB3}.Release|Any CPU.ActiveCfg = Release|Any CPU
		{D2AF828C-A688-4748-9CC0-6A8BE9C86AB3}.Release|Any CPU.Build.0 = Release|Any CPU
	EndGlobalSection
	GlobalSection(SolutionProperties) = preSolution
		HideSolutionNode = FALSE
	EndGlobalSection
	GlobalSection(ExtensibilityGlobals) = postSolution
		SolutionGuid = {3F24024E-C286-4595-969E-A5C30ED35C0B}
	EndGlobalSection
EndGlobal
